
Microsoft Visual Studio Solution File, Format Version 11.00
# Visual Studio 2010
Project("{FAE04EC0-301F-11D3-BF4B-00C04F79EFBC}") = "Assembly-CSharp", "Assembly-CSharp.csproj", "{78E51E3B-4A78-3633-A371-4E60919B662A}"
EndProject
Project("{FAE04EC0-301F-11D3-BF4B-00C04F79EFBC}") = "Assembly-CSharp-Editor", "Assembly-CSharp-Editor.csproj", "{22A824D4-D87A-4CBE-6A0C-C46805C441E9}"
EndProject
Global
	GlobalSection(SolutionConfigurationPlatforms) = preSolution
		Debug|Any CPU = Debug|Any CPU
		Release|Any CPU = Release|Any CPU
	EndGlobalSection
	GlobalSection(ProjectConfigurationPlatforms) = postSolution
		{78E51E3B-4A78-3633-A371-4E60919B662A}.Debug|Any CPU.ActiveCfg = Debug|Any CPU
		{78E51E3B-4A78-3633-A371-4E60919B662A}.Debug|Any CPU.Build.0 = Debug|Any CPU
		{78E51E3B-4A78-3633-A371-4E60919B662A}.Release|Any CPU.ActiveCfg = Release|Any CPU
		{78E51E3B-4A78-3633-A371-4E60919B662A}.Release|Any CPU.Build.0 = Release|Any CPU
		{22A824D4-D87A-4CBE-6A0C-C46805C441E9}.Debug|Any CPU.ActiveCfg = Debug|Any CPU
		{22A824D4-D87A-4CBE-6A0C-C46805C441E9}.Debug|Any CPU.Build.0 = Debug|Any CPU
		{22A824D4-D87A-4CBE-6A0C-C46805C441E9}.Release|Any CPU.ActiveCfg = Release|Any CPU
		{22A824D4-D87A-4CBE-6A0C-C46805C441E9}.Release|Any CPU.Build.0 = Release|Any CPU
	EndGlobalSection
	GlobalSection(SolutionProperties) = preSolution
		HideSolutionNode = FALSE
	EndGlobalSection
	GlobalSection(MonoDevelopProperties) = preSolution
		StartupItem = Assembly-CSharp.csproj
	EndGlobalSection
EndGlobal
